
Microsoft Visual Studio Solution File, Format Version 12.00
# Visual Studio 15
VisualStudioVersion = 15.0.26403.3
MinimumVisualStudioVersion = 10.0.40219.1
Project("{FAE04EC0-301F-11D3-BF4B-00C04F79EFBC}") = "ServerX", "ServerX\ServerX.csproj", "{85E6E3E0-40E7-48A2-B5B8-0D5058C07463}"
EndProject
Project("{FAE04EC0-301F-11D3-BF4B-00C04F79EFBC}") = "ServerCore", "ServerCore\ServerCore.csproj", "{C9AF3C5E-2CB3-4351-96B1-2085E8371166}"
EndProject
Global
	GlobalSection(SolutionConfigurationPlatforms) = preSolution
		Debug|Any CPU = Debug|Any CPU
		Release|Any CPU = Release|Any CPU
	EndGlobalSection
	GlobalSection(ProjectConfigurationPlatforms) = postSolution
		{85E6E3E0-40E7-48A2-B5B8-0D5058C07463}.Debug|Any CPU.ActiveCfg = Debug|Any CPU
		{85E6E3E0-40E7-48A2-B5B8-0D5058C07463}.Debug|Any CPU.Build.0 = Debug|Any CPU
		{85E6E3E0-40E7-48A2-B5B8-0D5058C07463}.Release|Any CPU.ActiveCfg = Release|Any CPU
		{85E6E3E0-40E7-48A2-B5B8-0D5058C07463}.Release|Any CPU.Build.0 = Release|Any CPU
		{C9AF3C5E-2CB3-4351-96B1-2085E8371166}.Debug|Any CPU.ActiveCfg = Debug|Any CPU
		{C9AF3C5E-2CB3-4351-96B1-2085E8371166}.Debug|Any CPU.Build.0 = Debug|Any CPU
		{C9AF3C5E-2CB3-4351-96B1-2085E8371166}.Release|Any CPU.ActiveCfg = Release|Any CPU
		{C9AF3C5E-2CB3-4351-96B1-2085E8371166}.Release|Any CPU.Build.0 = Release|Any CPU
	EndGlobalSection
	GlobalSection(SolutionProperties) = preSolution
		HideSolutionNode = FALSE
	EndGlobalSection
EndGlobal
